// !$*UTF8*$!
{
	archiveVersion = 1;
	classes = {
	};
	objectVersion = 56;
	objects = {

/* Begin PBXBuildFile section */
		7EEFF3F72ABA37450063BF6D /* MDsim_noplotApp.swift in Sources */ = {isa = PBXBuildFile; fileRef = 7EEFF3F62ABA37450063BF6D /* MDsim_noplotApp.swift */; };
		7EEFF3F92ABA37450063BF6D /* ContentView.swift in Sources */ = {isa = PBXBuildFile; fileRef = 7EEFF3F82ABA37450063BF6D /* ContentView.swift */; };
		7EEFF3FB2ABA37460063BF6D /* Assets.xcassets in Resources */ = {isa = PBXBuildFile; fileRef = 7EEFF3FA2ABA37460063BF6D /* Assets.xcassets */; };
		7EEFF3FE2ABA37460063BF6D /* Preview Assets.xcassets in Resources */ = {isa = PBXBuildFile; fileRef = 7EEFF3FD2ABA37460063BF6D /* Preview Assets.xcassets */; };
		7EEFF4092ABA37460063BF6D /* MDsim_noplotTests.swift in Sources */ = {isa = PBXBuildFile; fileRef = 7EEFF4082ABA37460063BF6D /* MDsim_noplotTests.swift */; };
		7EEFF4132ABA37460063BF6D /* MDsim_noplotUITests.swift in Sources */ = {isa = PBXBuildFile; fileRef = 7EEFF4122ABA37460063BF6D /* MDsim_noplotUITests.swift */; };
		7EEFF4152ABA37460063BF6D /* MDsim_noplotUITestsLaunchTests.swift in Sources */ = {isa = PBXBuildFile; fileRef = 7EEFF4142ABA37460063BF6D /* MDsim_noplotUITestsLaunchTests.swift */; };
		7EEFF4222ABA37F40063BF6D /* MDsim.swift in Sources */ = {isa = PBXBuildFile; fileRef = 7EEFF4212ABA37F40063BF6D /* MDsim.swift */; };
/* End PBXBuildFile section */

/* Begin PBXContainerItemProxy section */
		7EEFF4052ABA37460063BF6D /* PBXContainerItemProxy */ = {
			isa = PBXContainerItemProxy;
			containerPortal = 7EEFF3EB2ABA37450063BF6D /* Project object */;
			proxyType = 1;
			remoteGlobalIDString = 7EEFF3F22ABA37450063BF6D;
			remoteInfo = MDsim_noplot;
		};
		7EEFF40F2ABA37460063BF6D /* PBXContainerItemProxy */ = {
			isa = PBXContainerItemProxy;
			containerPortal = 7EEFF3EB2ABA37450063BF6D /* Project object */;
			proxyType = 1;
			remoteGlobalIDString = 7EEFF3F22ABA37450063BF6D;
			remoteInfo = MDsim_noplot;
		};
/* End PBXContainerItemProxy section */

/* Begin PBXFileReference section */
		7EEFF3F32ABA37450063BF6D /* MDsim_noplot.app */ = {isa = PBXFileReference; explicitFileType = wrapper.application; includeInIndex = 0; path = MDsim_noplot.app; sourceTree = BUILT_PRODUCTS_DIR; };
		7EEFF3F62ABA37450063BF6D /* MDsim_noplotApp.swift */ = {isa = PBXFileReference; lastKnownFileType = sourcecode.swift; path = MDsim_noplotApp.swift; sourceTree = "<group>"; };
		7EEFF3F82ABA37450063BF6D /* ContentView.swift */ = {isa = PBXFileReference; lastKnownFileType = sourcecode.swift; path = ContentView.swift; sourceTree = "<group>"; };
		7EEFF3FA2ABA37460063BF6D /* Assets.xcassets */ = {isa = PBXFileReference; lastKnownFileType = folder.assetcatalog; path = Assets.xcassets; sourceTree = "<group>"; };
		7EEFF3FD2ABA37460063BF6D /* Preview Assets.xcassets */ = {isa = PBXFileReference; lastKnownFileType = folder.assetcatalog; path = "Preview Assets.xcassets"; sourceTree = "<group>"; };
		7EEFF3FF2ABA37460063BF6D /* MDsim_noplot.entitlements */ = {isa = PBXFileReference; lastKnownFileType = text.plist.entitlements; path = MDsim_noplot.entitlements; sourceTree = "<group>"; };
		7EEFF4042ABA37460063BF6D /* MDsim_noplotTests.xctest */ = {isa = PBXFileReference; explicitFileType = wrapper.cfbundle; includeInIndex = 0; path = MDsim_noplotTests.xctest; sourceTree = BUILT_PRODUCTS_DIR; };
		7EEFF4082ABA37460063BF6D /* MDsim_noplotTests.swift */ = {isa = PBXFileReference; lastKnownFileType = sourcecode.swift; path = MDsim_noplotTests.swift; sourceTree = "<group>"; };
		7EEFF40E2ABA37460063BF6D /* MDsim_noplotUITests.xctest */ = {isa = PBXFileReference; explicitFileType = wrapper.cfbundle; includeInIndex = 0; path = MDsim_noplotUITests.xctest; sourceTree = BUILT_PRODUCTS_DIR; };
		7EEFF4122ABA37460063BF6D /* MDsim_noplotUITests.swift */ = {isa = PBXFileReference; lastKnownFileType = sourcecode.swift; path = MDsim_noplotUITests.swift; sourceTree = "<group>"; };
		7EEFF4142ABA37460063BF6D /* MDsim_noplotUITestsLaunchTests.swift */ = {isa = PBXFileReference; lastKnownFileType = sourcecode.swift; path = MDsim_noplotUITestsLaunchTests.swift; sourceTree = "<group>"; };
		7EEFF4212ABA37F40063BF6D /* MDsim.swift */ = {isa = PBXFileReference; lastKnownFileType = sourcecode.swift; path = MDsim.swift; sourceTree = "<group>"; };
/* End PBXFileReference section */

/* Begin PBXFrameworksBuildPhase section */
		7EEFF3F02ABA37450063BF6D /* Frameworks */ = {
			isa = PBXFrameworksBuildPhase;
			buildActionMask = 2147483647;
			files = (
			);
			runOnlyForDeploymentPostprocessing = 0;
		};
		7EEFF4012ABA37460063BF6D /* Frameworks */ = {
			isa = PBXFrameworksBuildPhase;
			buildActionMask = 2147483647;
			files = (
			);
			runOnlyForDeploymentPostprocessing = 0;
		};
		7EEFF40B2ABA37460063BF6D /* Frameworks */ = {
			isa = PBXFrameworksBuildPhase;
			buildActionMask = 2147483647;
			files = (
			);
			runOnlyForDeploymentPostprocessing = 0;
		};
/* End PBXFrameworksBuildPhase section */

/* Begin PBXGroup section */
		7EEFF3EA2ABA37450063BF6D = {
			isa = PBXGroup;
			children = (
				7EEFF3F52ABA37450063BF6D /* MDsim_noplot */,
				7EEFF4072ABA37460063BF6D /* MDsim_noplotTests */,
				7EEFF4112ABA37460063BF6D /* MDsim_noplotUITests */,
				7EEFF3F42ABA37450063BF6D /* Products */,
			);
			sourceTree = "<group>";
		};
		7EEFF3F42ABA37450063BF6D /* Products */ = {
			isa = PBXGroup;
			children = (
				7EEFF3F32ABA37450063BF6D /* MDsim_noplot.app */,
				7EEFF4042ABA37460063BF6D /* MDsim_noplotTests.xctest */,
				7EEFF40E2ABA37460063BF6D /* MDsim_noplotUITests.xctest */,
			);
			name = Products;
			sourceTree = "<group>";
		};
		7EEFF3F52ABA37450063BF6D /* MDsim_noplot */ = {
			isa = PBXGroup;
			children = (
				7EEFF3F62ABA37450063BF6D /* MDsim_noplotApp.swift */,
				7EEFF3F82ABA37450063BF6D /* ContentView.swift */,
				7EEFF3FA2ABA37460063BF6D /* Assets.xcassets */,
				7EEFF3FF2ABA37460063BF6D /* MDsim_noplot.entitlements */,
				7EEFF3FC2ABA37460063BF6D /* Preview Content */,
				7EEFF4212ABA37F40063BF6D /* MDsim.swift */,
			);
			path = MDsim_noplot;
			sourceTree = "<group>";
		};
		7EEFF3FC2ABA37460063BF6D /* Preview Content */ = {
			isa = PBXGroup;
			children = (
				7EEFF3FD2ABA37460063BF6D /* Preview Assets.xcassets */,
			);
			path = "Preview Content";
			sourceTree = "<group>";
		};
		7EEFF4072ABA37460063BF6D /* MDsim_noplotTests */ = {
			isa = PBXGroup;
			children = (
				7EEFF4082ABA37460063BF6D /* MDsim_noplotTests.swift */,
			);
			path = MDsim_noplotTests;
			sourceTree = "<group>";
		};
		7EEFF4112ABA37460063BF6D /* MDsim_noplotUITests */ = {
			isa = PBXGroup;
			children = (
				7EEFF4122ABA37460063BF6D /* MDsim_noplotUITests.swift */,
				7EEFF4142ABA37460063BF6D /* MDsim_noplotUITestsLaunchTests.swift */,
			);
			path = MDsim_noplotUITests;
			sourceTree = "<group>";
		};
/* End PBXGroup section */

/* Begin PBXNativeTarget section */
		7EEFF3F22ABA37450063BF6D /* MDsim_noplot */ = {
			isa = PBXNativeTarget;
			buildConfigurationList = 7EEFF4182ABA37460063BF6D /* Build configuration list for PBXNativeTarget "MDsim_noplot" */;
			buildPhases = (
				7EEFF3EF2ABA37450063BF6D /* Sources */,
				7EEFF3F02ABA37450063BF6D /* Frameworks */,
				7EEFF3F12ABA37450063BF6D /* Resources */,
			);
			buildRules = (
			);
			dependencies = (
			);
			name = MDsim_noplot;
			productName = MDsim_noplot;
			productReference = 7EEFF3F32ABA37450063BF6D /* MDsim_noplot.app */;
			productType = "com.apple.product-type.application";
		};
		7EEFF4032ABA37460063BF6D /* MDsim_noplotTests */ = {
			isa = PBXNativeTarget;
			buildConfigurationList = 7EEFF41B2ABA37460063BF6D /* Build configuration list for PBXNativeTarget "MDsim_noplotTests" */;
			buildPhases = (
				7EEFF4002ABA37460063BF6D /* Sources */,
				7EEFF4012ABA37460063BF6D /* Frameworks */,
				7EEFF4022ABA37460063BF6D /* Resources */,
			);
			buildRules = (
			);
			dependencies = (
				7EEFF4062ABA37460063BF6D /* PBXTargetDependency */,
			);
			name = MDsim_noplotTests;
			productName = MDsim_noplotTests;
			productReference = 7EEFF4042ABA37460063BF6D /* MDsim_noplotTests.xctest */;
			productType = "com.apple.product-type.bundle.unit-test";
		};
		7EEFF40D2ABA37460063BF6D /* MDsim_noplotUITests */ = {
			isa = PBXNativeTarget;
			buildConfigurationList = 7EEFF41E2ABA37460063BF6D /* Build configuration list for PBXNativeTarget "MDsim_noplotUITests" */;
			buildPhases = (
				7EEFF40A2ABA37460063BF6D /* Sources */,
				7EEFF40B2ABA37460063BF6D /* Frameworks */,
				7EEFF40C2ABA37460063BF6D /* Resources */,
			);
			buildRules = (
			);
			dependencies = (
				7EEFF4102ABA37460063BF6D /* PBXTargetDependency */,
			);
			name = MDsim_noplotUITests;
			productName = MDsim_noplotUITests;
			productReference = 7EEFF40E2ABA37460063BF6D /* MDsim_noplotUITests.xctest */;
			productType = "com.apple.product-type.bundle.ui-testing";
		};
/* End PBXNativeTarget section */

/* Begin PBXProject section */
		7EEFF3EB2ABA37450063BF6D /* Project object */ = {
			isa = PBXProject;
			attributes = {
				BuildIndependentTargetsInParallel = 1;
				LastSwiftUpdateCheck = 1430;
				LastUpgradeCheck = 1430;
				TargetAttributes = {
					7EEFF3F22ABA37450063BF6D = {
						CreatedOnToolsVersion = 14.3.1;
					};
					7EEFF4032ABA37460063BF6D = {
						CreatedOnToolsVersion = 14.3.1;
						TestTargetID = 7EEFF3F22ABA37450063BF6D;
					};
					7EEFF40D2ABA37460063BF6D = {
						CreatedOnToolsVersion = 14.3.1;
						TestTargetID = 7EEFF3F22ABA37450063BF6D;
					};
				};
			};
			buildConfigurationList = 7EEFF3EE2ABA37450063BF6D /* Build configuration list for PBXProject "MDsim_noplot" */;
			compatibilityVersion = "Xcode 14.0";
			developmentRegion = en;
			hasScannedForEncodings = 0;
			knownRegions = (
				en,
				Base,
			);
			mainGroup = 7EEFF3EA2ABA37450063BF6D;
			productRefGroup = 7EEFF3F42ABA37450063BF6D /* Products */;
			projectDirPath = "";
			projectRoot = "";
			targets = (
				7EEFF3F22ABA37450063BF6D /* MDsim_noplot */,
				7EEFF4032ABA37460063BF6D /* MDsim_noplotTests */,
				7EEFF40D2ABA37460063BF6D /* MDsim_noplotUITests */,
			);
		};
/* End PBXProject section */

/* Begin PBXResourcesBuildPhase section */
		7EEFF3F12ABA37450063BF6D /* Resources */ = {
			isa = PBXResourcesBuildPhase;
			buildActionMask = 2147483647;
			files = (
				7EEFF3FE2ABA37460063BF6D /* Preview Assets.xcassets in Resources */,
				7EEFF3FB2ABA37460063BF6D /* Assets.xcassets in Resources */,
			);
			runOnlyForDeploymentPostprocessing = 0;
		};
		7EEFF4022ABA37460063BF6D /* Resources */ = {
			isa = PBXResourcesBuildPhase;
			buildActionMask = 2147483647;
			files = (
			);
			runOnlyForDeploymentPostprocessing = 0;
		};
		7EEFF40C2ABA37460063BF6D /* Resources */ = {
			isa = PBXResourcesBuildPhase;
			buildActionMask = 2147483647;
			files = (
			);
			runOnlyForDeploymentPostprocessing = 0;
		};
/* End PBXResourcesBuildPhase section */

/* Begin PBXSourcesBuildPhase section */
		7EEFF3EF2ABA37450063BF6D /* Sources */ = {
			isa = PBXSourcesBuildPhase;
			buildActionMask = 2147483647;
			files = (
				7EEFF3F92ABA37450063BF6D /* ContentView.swift in Sources */,
				7EEFF3F72ABA37450063BF6D /* MDsim_noplotApp.swift in Sources */,
				7EEFF4222ABA37F40063BF6D /* MDsim.swift in Sources */,
			);
			runOnlyForDeploymentPostprocessing = 0;
		};
		7EEFF4002ABA37460063BF6D /* Sources */ = {
			isa = PBXSourcesBuildPhase;
			buildActionMask = 2147483647;
			files = (
				7EEFF4092ABA37460063BF6D /* MDsim_noplotTests.swift in Sources */,
			);
			runOnlyForDeploymentPostprocessing = 0;
		};
		7EEFF40A2ABA37460063BF6D /* Sources */ = {
			isa = PBXSourcesBuildPhase;
			buildActionMask = 2147483647;
			files = (
				7EEFF4132ABA37460063BF6D /* MDsim_noplotUITests.swift in Sources */,
				7EEFF4152ABA37460063BF6D /* MDsim_noplotUITestsLaunchTests.swift in Sources */,
			);
			runOnlyForDeploymentPostprocessing = 0;
		};
/* End PBXSourcesBuildPhase section */

/* Begin PBXTargetDependency section */
		7EEFF4062ABA37460063BF6D /* PBXTargetDependency */ = {
			isa = PBXTargetDependency;
			target = 7EEFF3F22ABA37450063BF6D /* MDsim_noplot */;
			targetProxy = 7EEFF4052ABA37460063BF6D /* PBXContainerItemProxy */;
		};
		7EEFF4102ABA37460063BF6D /* PBXTargetDependency */ = {
			isa = PBXTargetDependency;
			target = 7EEFF3F22ABA37450063BF6D /* MDsim_noplot */;
			targetProxy = 7EEFF40F2ABA37460063BF6D /* PBXContainerItemProxy */;
		};
/* End PBXTargetDependency section */

/* Begin XCBuildConfiguration section */
		7EEFF4162ABA37460063BF6D /* Debug */ = {
			isa = XCBuildConfiguration;
			buildSettings = {
				ALWAYS_SEARCH_USER_PATHS = NO;
				CLANG_ANALYZER_NONNULL = YES;
				CLANG_ANALYZER_NUMBER_OBJECT_CONVERSION = YES_AGGRESSIVE;
				CLANG_CXX_LANGUAGE_STANDARD = "gnu++20";
				CLANG_ENABLE_MODULES = YES;
				CLANG_ENABLE_OBJC_ARC = YES;
				CLANG_ENABLE_OBJC_WEAK = YES;
				CLANG_WARN_BLOCK_CAPTURE_AUTORELEASING = YES;
				CLANG_WARN_BOOL_CONVERSION = YES;
				CLANG_WARN_COMMA = YES;
				CLANG_WARN_CONSTANT_CONVERSION = YES;
				CLANG_WARN_DEPRECATED_OBJC_IMPLEMENTATIONS = YES;
				CLANG_WARN_DIRECT_OBJC_ISA_USAGE = YES_ERROR;
				CLANG_WARN_DOCUMENTATION_COMMENTS = YES;
				CLANG_WARN_EMPTY_BODY = YES;
				CLANG_WARN_ENUM_CONVERSION = YES;
				CLANG_WARN_INFINITE_RECURSION = YES;
				CLANG_WARN_INT_CONVERSION = YES;
				CLANG_WARN_NON_LITERAL_NULL_CONVERSION = YES;
				CLANG_WARN_OBJC_IMPLICIT_RETAIN_SELF = YES;
				CLANG_WARN_OBJC_LITERAL_CONVERSION = YES;
				CLANG_WARN_OBJC_ROOT_CLASS = YES_ERROR;
				CLANG_WARN_QUOTED_INCLUDE_IN_FRAMEWORK_HEADER = YES;
				CLANG_WARN_RANGE_LOOP_ANALYSIS = YES;
				CLANG_WARN_STRICT_PROTOTYPES = YES;
				CLANG_WARN_SUSPICIOUS_MOVE = YES;
				CLANG_WARN_UNGUARDED_AVAILABILITY = YES_AGGRESSIVE;
				CLANG_WARN_UNREACHABLE_CODE = YES;
				CLANG_WARN__DUPLICATE_METHOD_MATCH = YES;
				COPY_PHASE_STRIP = NO;
				DEBUG_INFORMATION_FORMAT = dwarf;
				ENABLE_STRICT_OBJC_MSGSEND = YES;
				ENABLE_TESTABILITY = YES;
				GCC_C_LANGUAGE_STANDARD = gnu11;
				GCC_DYNAMIC_NO_PIC = NO;
				GCC_NO_COMMON_BLOCKS = YES;
				GCC_OPTIMIZATION_LEVEL = 0;
				GCC_PREPROCESSOR_DEFINITIONS = (
					"DEBUG=1",
					"$(inherited)",
				);
				GCC_WARN_64_TO_32_BIT_CONVERSION = YES;
				GCC_WARN_ABOUT_RETURN_TYPE = YES_ERROR;
				GCC_WARN_UNDECLARED_SELECTOR = YES;
				GCC_WARN_UNINITIALIZED_AUTOS = YES_AGGRESSIVE;
				GCC_WARN_UNUSED_FUNCTION = YES;
				GCC_WARN_UNUSED_VARIABLE = YES;
				MACOSX_DEPLOYMENT_TARGET = 13.3;
				MTL_ENABLE_DEBUG_INFO = INCLUDE_SOURCE;
				MTL_FAST_MATH = YES;
				ONLY_ACTIVE_ARCH = YES;
				SDKROOT = macosx;
				SWIFT_ACTIVE_COMPILATION_CONDITIONS = DEBUG;
				SWIFT_OPTIMIZATION_LEVEL = "-Onone";
			};
			name = Debug;
		};
		7EEFF4172ABA37460063BF6D /* Release */ = {
			isa = XCBuildConfiguration;
			buildSettings = {
				ALWAYS_SEARCH_USER_PATHS = NO;
				CLANG_ANALYZER_NONNULL = YES;
				CLANG_ANALYZER_NUMBER_OBJECT_CONVERSION = YES_AGGRESSIVE;
				CLANG_CXX_LANGUAGE_STANDARD = "gnu++20";
				CLANG_ENABLE_MODULES = YES;
				CLANG_ENABLE_OBJC_ARC = YES;
				CLANG_ENABLE_OBJC_WEAK = YES;
				CLANG_WARN_BLOCK_CAPTURE_AUTORELEASING = YES;
				CLANG_WARN_BOOL_CONVERSION = YES;
				CLANG_WARN_COMMA = YES;
				CLANG_WARN_CONSTANT_CONVERSION = YES;
				CLANG_WARN_DEPRECATED_OBJC_IMPLEMENTATIONS = YES;
				CLANG_WARN_DIRECT_OBJC_ISA_USAGE = YES_ERROR;
				CLANG_WARN_DOCUMENTATION_COMMENTS = YES;
				CLANG_WARN_EMPTY_BODY = YES;
				CLANG_WARN_ENUM_CONVERSION = YES;
				CLANG_WARN_INFINITE_RECURSION = YES;
				CLANG_WARN_INT_CONVERSION = YES;
				CLANG_WARN_NON_LITERAL_NULL_CONVERSION = YES;
				CLANG_WARN_OBJC_IMPLICIT_RETAIN_SELF = YES;
				CLANG_WARN_OBJC_LITERAL_CONVERSION = YES;
				CLANG_WARN_OBJC_ROOT_CLASS = YES_ERROR;
				CLANG_WARN_QUOTED_INCLUDE_IN_FRAMEWORK_HEADER = YES;
				CLANG_WARN_RANGE_LOOP_ANALYSIS = YES;
				CLANG_WARN_STRICT_PROTOTYPES = YES;
				CLANG_WARN_SUSPICIOUS_MOVE = YES;
				CLANG_WARN_UNGUARDED_AVAILABILITY = YES_AGGRESSIVE;
				CLANG_WARN_UNREACHABLE_CODE = YES;
				CLANG_WARN__DUPLICATE_METHOD_MATCH = YES;
				COPY_PHASE_STRIP = NO;
				DEBUG_INFORMATION_FORMAT = "dwarf-with-dsym";
				ENABLE_NS_ASSERTIONS = NO;
				ENABLE_STRICT_OBJC_MSGSEND = YES;
				GCC_C_LANGUAGE_STANDARD = gnu11;
				GCC_NO_COMMON_BLOCKS = YES;
				GCC_WARN_64_TO_32_BIT_CONVERSION = YES;
				GCC_WARN_ABOUT_RETURN_TYPE = YES_ERROR;
				GCC_WARN_UNDECLARED_SELECTOR = YES;
				GCC_WARN_UNINITIALIZED_AUTOS = YES_AGGRESSIVE;
				GCC_WARN_UNUSED_FUNCTION = YES;
				GCC_WARN_UNUSED_VARIABLE = YES;
				MACOSX_DEPLOYMENT_TARGET = 13.3;
				MTL_ENABLE_DEBUG_INFO = NO;
				MTL_FAST_MATH = YES;
				SDKROOT = macosx;
				SWIFT_COMPILATION_MODE = wholemodule;
				SWIFT_OPTIMIZATION_LEVEL = "-O";
			};
			name = Release;
		};
		7EEFF4192ABA37460063BF6D /* Debug */ = {
			isa = XCBuildConfiguration;
			buildSettings = {
				ASSETCATALOG_COMPILER_APPICON_NAME = AppIcon;
				ASSETCATALOG_COMPILER_GLOBAL_ACCENT_COLOR_NAME = AccentColor;
				CODE_SIGN_ENTITLEMENTS = MDsim_noplot/MDsim_noplot.entitlements;
				CODE_SIGN_STYLE = Automatic;
				COMBINE_HIDPI_IMAGES = YES;
				CURRENT_PROJECT_VERSION = 1;
				DEVELOPMENT_ASSET_PATHS = "\"MDsim_noplot/Preview Content\"";
				DEVELOPMENT_TEAM = N9R84UDA3B;
				ENABLE_HARDENED_RUNTIME = YES;
				ENABLE_PREVIEWS = YES;
				GENERATE_INFOPLIST_FILE = YES;
				INFOPLIST_KEY_NSHumanReadableCopyright = "";
				LD_RUNPATH_SEARCH_PATHS = (
					"$(inherited)",
					"@executable_path/../Frameworks",
				);
				MARKETING_VERSION = 1.0;
				PRODUCT_BUNDLE_IDENTIFIER = "com.Claire.MDsim-noplot";
				PRODUCT_NAME = "$(TARGET_NAME)";
				SWIFT_EMIT_LOC_STRINGS = YES;
				SWIFT_VERSION = 5.0;
			};
			name = Debug;
		};
		7EEFF41A2ABA37460063BF6D /* Release */ = {
			isa = XCBuildConfiguration;
			buildSettings = {
				ASSETCATALOG_COMPILER_APPICON_NAME = AppIcon;
				ASSETCATALOG_COMPILER_GLOBAL_ACCENT_COLOR_NAME = AccentColor;
				CODE_SIGN_ENTITLEMENTS = MDsim_noplot/MDsim_noplot.entitlements;
				CODE_SIGN_STYLE = Automatic;
				COMBINE_HIDPI_IMAGES = YES;
				CURRENT_PROJECT_VERSION = 1;
				DEVELOPMENT_ASSET_PATHS = "\"MDsim_noplot/Preview Content\"";
				DEVELOPMENT_TEAM = N9R84UDA3B;
				ENABLE_HARDENED_RUNTIME = YES;
				ENABLE_PREVIEWS = YES;
				GENERATE_INFOPLIST_FILE = YES;
				INFOPLIST_KEY_NSHumanReadableCopyright = "";
				LD_RUNPATH_SEARCH_PATHS = (
					"$(inherited)",
					"@executable_path/../Frameworks",
				);
				MARKETING_VERSION = 1.0;
				PRODUCT_BUNDLE_IDENTIFIER = "com.Claire.MDsim-noplot";
				PRODUCT_NAME = "$(TARGET_NAME)";
				SWIFT_EMIT_LOC_STRINGS = YES;
				SWIFT_VERSION = 5.0;
			};
			name = Release;
		};
		7EEFF41C2ABA37460063BF6D /* Debug */ = {
			isa = XCBuildConfiguration;
			buildSettings = {
				ALWAYS_EMBED_SWIFT_STANDARD_LIBRARIES = YES;
				BUNDLE_LOADER = "$(TEST_HOST)";
				CODE_SIGN_STYLE = Automatic;
				CURRENT_PROJECT_VERSION = 1;
				DEVELOPMENT_TEAM = N9R84UDA3B;
				GENERATE_INFOPLIST_FILE = YES;
				MACOSX_DEPLOYMENT_TARGET = 13.3;
				MARKETING_VERSION = 1.0;
				PRODUCT_BUNDLE_IDENTIFIER = "com.Claire.MDsim-noplotTests";
				PRODUCT_NAME = "$(TARGET_NAME)";
				SWIFT_EMIT_LOC_STRINGS = NO;
				SWIFT_VERSION = 5.0;
				TEST_HOST = "$(BUILT_PRODUCTS_DIR)/MDsim_noplot.app/$(BUNDLE_EXECUTABLE_FOLDER_PATH)/MDsim_noplot";
			};
			name = Debug;
		};
		7EEFF41D2ABA37460063BF6D /* Release */ = {
			isa = XCBuildConfiguration;
			buildSettings = {
				ALWAYS_EMBED_SWIFT_STANDARD_LIBRARIES = YES;
				BUNDLE_LOADER = "$(TEST_HOST)";
				CODE_SIGN_STYLE = Automatic;
				CURRENT_PROJECT_VERSION = 1;
				DEVELOPMENT_TEAM = N9R84UDA3B;
				GENERATE_INFOPLIST_FILE = YES;
				MACOSX_DEPLOYMENT_TARGET = 13.3;
				MARKETING_VERSION = 1.0;
				PRODUCT_BUNDLE_IDENTIFIER = "com.Claire.MDsim-noplotTests";
				PRODUCT_NAME = "$(TARGET_NAME)";
				SWIFT_EMIT_LOC_STRINGS = NO;
				SWIFT_VERSION = 5.0;
				TEST_HOST = "$(BUILT_PRODUCTS_DIR)/MDsim_noplot.app/$(BUNDLE_EXECUTABLE_FOLDER_PATH)/MDsim_noplot";
			};
			name = Release;
		};
		7EEFF41F2ABA37460063BF6D /* Debug */ = {
			isa = XCBuildConfiguration;
			buildSettings = {
				ALWAYS_EMBED_SWIFT_STANDARD_LIBRARIES = YES;
				CODE_SIGN_STYLE = Automatic;
				CURRENT_PROJECT_VERSION = 1;
				DEVELOPMENT_TEAM = N9R84UDA3B;
				GENERATE_INFOPLIST_FILE = YES;
				MARKETING_VERSION = 1.0;
				PRODUCT_BUNDLE_IDENTIFIER = "com.Claire.MDsim-noplotUITests";
				PRODUCT_NAME = "$(TARGET_NAME)";
				SWIFT_EMIT_LOC_STRINGS = NO;
				SWIFT_VERSION = 5.0;
				TEST_TARGET_NAME = MDsim_noplot;
			};
			name = Debug;
		};
		7EEFF4202ABA37460063BF6D /* Release */ = {
			isa = XCBuildConfiguration;
			buildSettings = {
				ALWAYS_EMBED_SWIFT_STANDARD_LIBRARIES = YES;
				CODE_SIGN_STYLE = Automatic;
				CURRENT_PROJECT_VERSION = 1;
				DEVELOPMENT_TEAM = N9R84UDA3B;
				GENERATE_INFOPLIST_FILE = YES;
				MARKETING_VERSION = 1.0;
				PRODUCT_BUNDLE_IDENTIFIER = "com.Claire.MDsim-noplotUITests";
				PRODUCT_NAME = "$(TARGET_NAME)";
				SWIFT_EMIT_LOC_STRINGS = NO;
				SWIFT_VERSION = 5.0;
				TEST_TARGET_NAME = MDsim_noplot;
			};
			name = Release;
		};
/* End XCBuildConfiguration section */

/* Begin XCConfigurationList section */
		7EEFF3EE2ABA37450063BF6D /* Build configuration list for PBXProject "MDsim_noplot" */ = {
			isa = XCConfigurationList;
			buildConfigurations = (
				7EEFF4162ABA37460063BF6D /* Debug */,
				7EEFF4172ABA37460063BF6D /* Release */,
			);
			defaultConfigurationIsVisible = 0;
			defaultConfigurationName = Release;
		};
		7EEFF4182ABA37460063BF6D /* Build configuration list for PBXNativeTarget "MDsim_noplot" */ = {
			isa = XCConfigurationList;
			buildConfigurations = (
				7EEFF4192ABA37460063BF6D /* Debug */,
				7EEFF41A2ABA37460063BF6D /* Release */,
			);
			defaultConfigurationIsVisible = 0;
			defaultConfigurationName = Release;
		};
		7EEFF41B2ABA37460063BF6D /* Build configuration list for PBXNativeTarget "MDsim_noplotTests" */ = {
			isa = XCConfigurationList;
			buildConfigurations = (
				7EEFF41C2ABA37460063BF6D /* Debug */,
				7EEFF41D2ABA37460063BF6D /* Release */,
			);
			defaultConfigurationIsVisible = 0;
			defaultConfigurationName = Release;
		};
		7EEFF41E2ABA37460063BF6D /* Build configuration list for PBXNativeTarget "MDsim_noplotUITests" */ = {
			isa = XCConfigurationList;
			buildConfigurations = (
				7EEFF41F2ABA37460063BF6D /* Debug */,
				7EEFF4202ABA37460063BF6D /* Release */,
			);
			defaultConfigurationIsVisible = 0;
			defaultConfigurationName = Release;
		};
/* End XCConfigurationList section */
	};
	rootObject = 7EEFF3EB2ABA37450063BF6D /* Project object */;
}
